
Microsoft Visual Studio Solution File, Format Version 12.00
# Visual Studio Version 17
VisualStudioVersion = 17.0.31903.59
MinimumVisualStudioVersion = 10.0.40219.1
Project("{2150E333-8FDC-42A3-9474-1A3956D46DE8}") = "src", "src", "{10B31445-F753-4193-ABFB-7E4106231B60}"
EndProject
Project("{FAE04EC0-301F-11D3-BF4B-00C04F79EFBC}") = "DuckNote.Core", "src\DuckNote.Core\DuckNote.Core.csproj", "{94B3AD27-6B58-4B7F-B8DA-3ACEE234E119}"
EndProject
Project("{FAE04EC0-301F-11D3-BF4B-00C04F79EFBC}") = "DuckNote.Scan", "src\DuckNote.Scan\DuckNote.Scan.csproj", "{B5E0DDA9-A908-495D-AE53-03219285A15B}"
EndProject
Project("{2150E333-8FDC-42A3-9474-1A3956D46DE8}") = "tests", "tests", "{E69630F5-5123-41F3-9CC1-DD9909F98F96}"
EndProject
Project("{FAE04EC0-301F-11D3-BF4B-00C04F79EFBC}") = "DuckNote.Core.Tests", "tests\DuckNote.Core.Tests\DuckNote.Core.Tests.csproj", "{B0B3FC87-FC81-49EB-A024-243D9D91BE89}"
EndProject
Project("{FAE04EC0-301F-11D3-BF4B-00C04F79EFBC}") = "DuckNote.Scan.Tests", "tests\DuckNote.Scan.Tests\DuckNote.Scan.Tests.csproj", "{62AE55B1-FFC7-4746-9E62-D8DBF619B6FB}"
EndProject
Project("{FAE04EC0-301F-11D3-BF4B-00C04F79EFBC}") = "DuckNote.App", "src\DuckNote.App\DuckNote.App.csproj", "{74557829-AFA5-4950-B404-59212EAB7188}"
EndProject
Global
	GlobalSection(SolutionConfigurationPlatforms) = preSolution
		Debug|Any CPU = Debug|Any CPU
		Debug|x64 = Debug|x64
		Debug|x86 = Debug|x86
		Release|Any CPU = Release|Any CPU
		Release|x64 = Release|x64
		Release|x86 = Release|x86
	EndGlobalSection
	GlobalSection(ProjectConfigurationPlatforms) = postSolution
		{94B3AD27-6B58-4B7F-B8DA-3ACEE234E119}.Debug|Any CPU.ActiveCfg = Debug|Any CPU
		{94B3AD27-6B58-4B7F-B8DA-3ACEE234E119}.Debug|Any CPU.Build.0 = Debug|Any CPU
		{94B3AD27-6B58-4B7F-B8DA-3ACEE234E119}.Debug|x64.ActiveCfg = Debug|Any CPU
		{94B3AD27-6B58-4B7F-B8DA-3ACEE234E119}.Debug|x64.Build.0 = Debug|Any CPU
		{94B3AD27-6B58-4B7F-B8DA-3ACEE234E119}.Debug|x86.ActiveCfg = Debug|Any CPU
		{94B3AD27-6B58-4B7F-B8DA-3ACEE234E119}.Debug|x86.Build.0 = Debug|Any CPU
		{94B3AD27-6B58-4B7F-B8DA-3ACEE234E119}.Release|Any CPU.ActiveCfg = Release|Any CPU
		{94B3AD27-6B58-4B7F-B8DA-3ACEE234E119}.Release|Any CPU.Build.0 = Release|Any CPU
		{94B3AD27-6B58-4B7F-B8DA-3ACEE234E119}.Release|x64.ActiveCfg = Release|Any CPU
		{94B3AD27-6B58-4B7F-B8DA-3ACEE234E119}.Release|x64.Build.0 = Release|Any CPU
		{94B3AD27-6B58-4B7F-B8DA-3ACEE234E119}.Release|x86.ActiveCfg = Release|Any CPU
		{94B3AD27-6B58-4B7F-B8DA-3ACEE234E119}.Release|x86.Build.0 = Release|Any CPU
		{B5E0DDA9-A908-495D-AE53-03219285A15B}.Debug|Any CPU.ActiveCfg = Debug|Any CPU
		{B5E0DDA9-A908-495D-AE53-03219285A15B}.Debug|Any CPU.Build.0 = Debug|Any CPU
		{B5E0DDA9-A908-495D-AE53-03219285A15B}.Debug|x64.ActiveCfg = Debug|Any CPU
		{B5E0DDA9-A908-495D-AE53-03219285A15B}.Debug|x64.Build.0 = Debug|Any CPU
		{B5E0DDA9-A908-495D-AE53-03219285A15B}.Debug|x86.ActiveCfg = Debug|Any CPU
		{B5E0DDA9-A908-495D-AE53-03219285A15B}.Debug|x86.Build.0 = Debug|Any CPU
		{B5E0DDA9-A908-495D-AE53-03219285A15B}.Release|Any CPU.ActiveCfg = Release|Any CPU
		{B5E0DDA9-A908-495D-AE53-03219285A15B}.Release|Any CPU.Build.0 = Release|Any CPU
		{B5E0DDA9-A908-495D-AE53-03219285A15B}.Release|x64.ActiveCfg = Release|Any CPU
		{B5E0DDA9-A908-495D-AE53-03219285A15B}.Release|x64.Build.0 = Release|Any CPU
		{B5E0DDA9-A908-495D-AE53-03219285A15B}.Release|x86.ActiveCfg = Release|Any CPU
		{B5E0DDA9-A908-495D-AE53-03219285A15B}.Release|x86.Build.0 = Release|Any CPU
		{B0B3FC87-FC81-49EB-A024-243D9D91BE89}.Debug|Any CPU.ActiveCfg = Debug|Any CPU
		{B0B3FC87-FC81-49EB-A024-243D9D91BE89}.Debug|Any CPU.Build.0 = Debug|Any CPU
		{B0B3FC87-FC81-49EB-A024-243D9D91BE89}.Debug|x64.ActiveCfg = Debug|Any CPU
		{B0B3FC87-FC81-49EB-A024-243D9D91BE89}.Debug|x64.Build.0 = Debug|Any CPU
		{B0B3FC87-FC81-49EB-A024-243D9D91BE89}.Debug|x86.ActiveCfg = Debug|Any CPU
		{B0B3FC87-FC81-49EB-A024-243D9D91BE89}.Debug|x86.Build.0 = Debug|Any CPU
		{B0B3FC87-FC81-49EB-A024-243D9D91BE89}.Release|Any CPU.ActiveCfg = Release|Any CPU
		{B0B3FC87-FC81-49EB-A024-243D9D91BE89}.Release|Any CPU.Build.0 = Release|Any CPU
		{B0B3FC87-FC81-49EB-A024-243D9D91BE89}.Release|x64.ActiveCfg = Release|Any CPU
		{B0B3FC87-FC81-49EB-A024-243D9D91BE89}.Release|x64.Build.0 = Release|Any CPU
		{B0B3FC87-FC81-49EB-A024-243D9D91BE89}.Release|x86.ActiveCfg = Release|Any CPU
		{B0B3FC87-FC81-49EB-A024-243D9D91BE89}.Release|x86.Build.0 = Release|Any CPU
		{62AE55B1-FFC7-4746-9E62-D8DBF619B6FB}.Debug|Any CPU.ActiveCfg = Debug|Any CPU
		{62AE55B1-FFC7-4746-9E62-D8DBF619B6FB}.Debug|Any CPU.Build.0 = Debug|Any CPU
		{62AE55B1-FFC7-4746-9E62-D8DBF619B6FB}.Debug|x64.ActiveCfg = Debug|Any CPU
		{62AE55B1-FFC7-4746-9E62-D8DBF619B6FB}.Debug|x64.Build.0 = Debug|Any CPU
		{62AE55B1-FFC7-4746-9E62-D8DBF619B6FB}.Debug|x86.ActiveCfg = Debug|Any CPU
		{62AE55B1-FFC7-4746-9E62-D8DBF619B6FB}.Debug|x86.Build.0 = Debug|Any CPU
		{62AE55B1-FFC7-4746-9E62-D8DBF619B6FB}.Release|Any CPU.ActiveCfg = Release|Any CPU
		{62AE55B1-FFC7-4746-9E62-D8DBF619B6FB}.Release|Any CPU.Build.0 = Release|Any CPU
		{62AE55B1-FFC7-4746-9E62-D8DBF619B6FB}.Release|x64.ActiveCfg = Release|Any CPU
		{62AE55B1-FFC7-4746-9E62-D8DBF619B6FB}.Release|x64.Build.0 = Release|Any CPU
		{62AE55B1-FFC7-4746-9E62-D8DBF619B6FB}.Release|x86.ActiveCfg = Release|Any CPU
		{62AE55B1-FFC7-4746-9E62-D8DBF619B6FB}.Release|x86.Build.0 = Release|Any CPU
		{6F387C25-5D30-419E-8356-0EE4A8229269}.Debug|Any CPU.ActiveCfg = Debug|Any CPU
		{6F387C25-5D30-419E-8356-0EE4A8229269}.Debug|Any CPU.Build.0 = Debug|Any CPU
		{6F387C25-5D30-419E-8356-0EE4A8229269}.Debug|x64.ActiveCfg = Debug|Any CPU
		{6F387C25-5D30-419E-8356-0EE4A8229269}.Debug|x64.Build.0 = Debug|Any CPU
		{6F387C25-5D30-419E-8356-0EE4A8229269}.Debug|x86.ActiveCfg = Debug|Any CPU
		{6F387C25-5D30-419E-8356-0EE4A8229269}.Debug|x86.Build.0 = Debug|Any CPU
		{6F387C25-5D30-419E-8356-0EE4A8229269}.Release|Any CPU.ActiveCfg = Release|Any CPU
		{6F387C25-5D30-419E-8356-0EE4A8229269}.Release|Any CPU.Build.0 = Release|Any CPU
		{6F387C25-5D30-419E-8356-0EE4A8229269}.Release|x64.ActiveCfg = Release|Any CPU
		{6F387C25-5D30-419E-8356-0EE4A8229269}.Release|x64.Build.0 = Release|Any CPU
		{6F387C25-5D30-419E-8356-0EE4A8229269}.Release|x86.ActiveCfg = Release|Any CPU
		{6F387C25-5D30-419E-8356-0EE4A8229269}.Release|x86.Build.0 = Release|Any CPU
		{74557829-AFA5-4950-B404-59212EAB7188}.Debug|Any CPU.ActiveCfg = Debug|Any CPU
		{74557829-AFA5-4950-B404-59212EAB7188}.Debug|Any CPU.Build.0 = Debug|Any CPU
		{74557829-AFA5-4950-B404-59212EAB7188}.Debug|x64.ActiveCfg = Debug|Any CPU
		{74557829-AFA5-4950-B404-59212EAB7188}.Debug|x64.Build.0 = Debug|Any CPU
		{74557829-AFA5-4950-B404-59212EAB7188}.Debug|x86.ActiveCfg = Debug|Any CPU
		{74557829-AFA5-4950-B404-59212EAB7188}.Debug|x86.Build.0 = Debug|Any CPU
		{74557829-AFA5-4950-B404-59212EAB7188}.Release|Any CPU.ActiveCfg = Release|Any CPU
		{74557829-AFA5-4950-B404-59212EAB7188}.Release|Any CPU.Build.0 = Release|Any CPU
		{74557829-AFA5-4950-B404-59212EAB7188}.Release|x64.ActiveCfg = Release|Any CPU
		{74557829-AFA5-4950-B404-59212EAB7188}.Release|x64.Build.0 = Release|Any CPU
		{74557829-AFA5-4950-B404-59212EAB7188}.Release|x86.ActiveCfg = Release|Any CPU
		{74557829-AFA5-4950-B404-59212EAB7188}.Release|x86.Build.0 = Release|Any CPU
	EndGlobalSection
	GlobalSection(SolutionProperties) = preSolution
		HideSolutionNode = FALSE
	EndGlobalSection
	GlobalSection(NestedProjects) = preSolution
		{94B3AD27-6B58-4B7F-B8DA-3ACEE234E119} = {10B31445-F753-4193-ABFB-7E4106231B60}
		{B5E0DDA9-A908-495D-AE53-03219285A15B} = {10B31445-F753-4193-ABFB-7E4106231B60}
		{B0B3FC87-FC81-49EB-A024-243D9D91BE89} = {E69630F5-5123-41F3-9CC1-DD9909F98F96}
		{62AE55B1-FFC7-4746-9E62-D8DBF619B6FB} = {E69630F5-5123-41F3-9CC1-DD9909F98F96}
		{74557829-AFA5-4950-B404-59212EAB7188} = {10B31445-F753-4193-ABFB-7E4106231B60}
	EndGlobalSection
EndGlobal
